
Microsoft Visual Studio Solution File, Format Version 10.00
# Visual Studio 2008
Project("{E24C65DC-7377-472B-9ABA-BC803B73C61A}") = "Wangsteak", "..\Wangsteak", "{0A38522A-2434-4E10-A0AD-DD3D1F7EDF70}"
	ProjectSection(WebsiteProperties) = preProject
		SccProjectName = "SAK"
		SccAuxPath = "SAK"
		SccLocalPath = "SAK"
		SccProvider = "SAK"
		TargetFramework = "3.5"
		Debug.AspNetCompiler.VirtualPath = "/Wangsteak"
		Debug.AspNetCompiler.PhysicalPath = "..\Wangsteak\"
		Debug.AspNetCompiler.TargetPath = "PrecompiledWeb\Wangsteak\"
		Debug.AspNetCompiler.Updateable = "true"
		Debug.AspNetCompiler.ForceOverwrite = "true"
		Debug.AspNetCompiler.FixedNames = "false"
		Debug.AspNetCompiler.Debug = "True"
		Release.AspNetCompiler.VirtualPath = "/Wangsteak"
		Release.AspNetCompiler.PhysicalPath = "..\Wangsteak\"
		Release.AspNetCompiler.TargetPath = "PrecompiledWeb\Wangsteak\"
		Release.AspNetCompiler.Updateable = "true"
		Release.AspNetCompiler.ForceOverwrite = "true"
		Release.AspNetCompiler.FixedNames = "false"
		Release.AspNetCompiler.Debug = "False"
		VWDPort = "59370"
	EndProjectSection
EndProject
Global
	GlobalSection(TeamFoundationVersionControl) = preSolution
		SccNumberOfProjects = 2
		SccEnterpriseProvider = {4CA58AB2-18FA-4F8D-95D4-32DDF27D184C}
		SccTeamFoundationServer = http://tfs:8080/
		SccLocalPath0 = .
		SccWebProject1 = true
		SccProjectUniqueName1 = .
		SccLocalPath1 = .
		SccProjectEnlistmentChoice1 = 2
	EndGlobalSection
	GlobalSection(SolutionConfigurationPlatforms) = preSolution
		Debug|Any CPU = Debug|Any CPU
		DebugLocal|Any CPU = DebugLocal|Any CPU
		Release|Any CPU = Release|Any CPU
	EndGlobalSection
	GlobalSection(ProjectConfigurationPlatforms) = postSolution
		{0A38522A-2434-4E10-A0AD-DD3D1F7EDF70}.Debug|Any CPU.ActiveCfg = Debug|Any CPU
		{0A38522A-2434-4E10-A0AD-DD3D1F7EDF70}.Debug|Any CPU.Build.0 = Debug|Any CPU
		{0A38522A-2434-4E10-A0AD-DD3D1F7EDF70}.DebugLocal|Any CPU.ActiveCfg = Debug|Any CPU
		{0A38522A-2434-4E10-A0AD-DD3D1F7EDF70}.DebugLocal|Any CPU.Build.0 = Debug|Any CPU
		{0A38522A-2434-4E10-A0AD-DD3D1F7EDF70}.Release|Any CPU.ActiveCfg = Debug|Any CPU
		{0A38522A-2434-4E10-A0AD-DD3D1F7EDF70}.Release|Any CPU.Build.0 = Debug|Any CPU
	EndGlobalSection
	GlobalSection(SolutionProperties) = preSolution
		HideSolutionNode = FALSE
	EndGlobalSection
EndGlobal
